
Microsoft Visual Studio Solution File, Format Version 12.00
# Visual Studio Version 16
VisualStudioVersion = 16.0.30320.27
MinimumVisualStudioVersion = 10.0.40219.1
Project("{9A19103F-16F7-4668-BE54-9A1E7A4F7556}") = "SetGeneric", "SetTargil\SetGeneric.csproj", "{B458E9C3-4833-4264-BE11-04B3E7BDF69F}"
EndProject
Global
	GlobalSection(SolutionConfigurationPlatforms) = preSolution
		Debug|Any CPU = Debug|Any CPU
		Release|Any CPU = Release|Any CPU
	EndGlobalSection
	GlobalSection(ProjectConfigurationPlatforms) = postSolution
		{B458E9C3-4833-4264-BE11-04B3E7BDF69F}.Debug|Any CPU.ActiveCfg = Debug|Any CPU
		{B458E9C3-4833-4264-BE11-04B3E7BDF69F}.Debug|Any CPU.Build.0 = Debug|Any CPU
		{B458E9C3-4833-4264-BE11-04B3E7BDF69F}.Release|Any CPU.ActiveCfg = Release|Any CPU
		{B458E9C3-4833-4264-BE11-04B3E7BDF69F}.Release|Any CPU.Build.0 = Release|Any CPU
	EndGlobalSection
	GlobalSection(SolutionProperties) = preSolution
		HideSolutionNode = FALSE
	EndGlobalSection
	GlobalSection(ExtensibilityGlobals) = postSolution
		SolutionGuid = {E71F4D2A-2BB5-4165-A73E-E2BB54FE3D76}
	EndGlobalSection
EndGlobal
